
Microsoft Visual Studio Solution File, Format Version 12.00
# Visual Studio 15
VisualStudioVersion = 15.0.28307.1433
MinimumVisualStudioVersion = 10.0.40219.1
Project("{FAE04EC0-301F-11D3-BF4B-00C04F79EFBC}") = "Bai60", "Bai60.csproj", "{85CBD7E0-F9F5-4470-B319-B7708B498EAC}"
EndProject
Global
	GlobalSection(SolutionConfigurationPlatforms) = preSolution
		Debug|Any CPU = Debug|Any CPU
		Release|Any CPU = Release|Any CPU
	EndGlobalSection
	GlobalSection(ProjectConfigurationPlatforms) = postSolution
		{85CBD7E0-F9F5-4470-B319-B7708B498EAC}.Debug|Any CPU.ActiveCfg = Debug|Any CPU
		{85CBD7E0-F9F5-4470-B319-B7708B498EAC}.Debug|Any CPU.Build.0 = Debug|Any CPU
		{85CBD7E0-F9F5-4470-B319-B7708B498EAC}.Release|Any CPU.ActiveCfg = Release|Any CPU
		{85CBD7E0-F9F5-4470-B319-B7708B498EAC}.Release|Any CPU.Build.0 = Release|Any CPU
	EndGlobalSection
	GlobalSection(SolutionProperties) = preSolution
		HideSolutionNode = FALSE
	EndGlobalSection
	GlobalSection(ExtensibilityGlobals) = postSolution
		SolutionGuid = {1C605B2F-8051-4043-B0C6-1FC3AC3C24B1}
	EndGlobalSection
EndGlobal
